<?xml version="1.0" encoding="UTF-8"?>
<CodeBlocks_project_file>
	<FileVersion major="1" minor="6"/>
	<Project>
		<Option title="hanium_iot_gateway"/>
		<Option makefile_is_custom="1"/>
		<Option compiler="gcc"/>
		<Option virtualFolders="CMake Files\;"/>
		<Build>
			<Target title="all">
				<Option working_dir="/home/jee/hanium/release"/>
				<Option type="4"/>
				<MakeCommands>
					<Build command="/usr/bin/make -j6 -f &quot;/home/jee/hanium/release/Makefile&quot;  VERBOSE=1 all"/>
					<CompileFile command="/usr/bin/make -j6 -f &quot;/home/jee/hanium/release/Makefile&quot;  VERBOSE=1 &quot;$file&quot;"/>
					<Clean command="/usr/bin/make -j6 -f &quot;/home/jee/hanium/release/Makefile&quot;  VERBOSE=1 clean"/>
					<DistClean command="/usr/bin/make -j6 -f &quot;/home/jee/hanium/release/Makefile&quot;  VERBOSE=1 clean"/>
				</MakeCommands>
			</Target>
			<Target title="install/local">
				<Option working_dir="/home/jee/hanium/release"/>
				<Option type="4"/>
				<MakeCommands>
					<Build command="/usr/bin/make -j6 -f &quot;/home/jee/hanium/release/Makefile&quot;  VERBOSE=1 install/local"/>
					<CompileFile command="/usr/bin/make -j6 -f &quot;/home/jee/hanium/release/Makefile&quot;  VERBOSE=1 &quot;$file&quot;"/>
					<Clean command="/usr/bin/make -j6 -f &quot;/home/jee/hanium/release/Makefile&quot;  VERBOSE=1 clean"/>
					<DistClean command="/usr/bin/make -j6 -f &quot;/home/jee/hanium/release/Makefile&quot;  VERBOSE=1 clean"/>
				</MakeCommands>
			</Target>
			<Target title="install">
				<Option working_dir="/home/jee/hanium/release"/>
				<Option type="4"/>
				<MakeCommands>
					<Build command="/usr/bin/make -j6 -f &quot;/home/jee/hanium/release/Makefile&quot;  VERBOSE=1 install"/>
					<CompileFile command="/usr/bin/make -j6 -f &quot;/home/jee/hanium/release/Makefile&quot;  VERBOSE=1 &quot;$file&quot;"/>
					<Clean command="/usr/bin/make -j6 -f &quot;/home/jee/hanium/release/Makefile&quot;  VERBOSE=1 clean"/>
					<DistClean command="/usr/bin/make -j6 -f &quot;/home/jee/hanium/release/Makefile&quot;  VERBOSE=1 clean"/>
				</MakeCommands>
			</Target>
			<Target title="mqtt">
				<Option output="/home/jee/hanium/release/libmqtt.a" prefix_auto="0" extension_auto="0"/>
				<Option working_dir="/home/jee/hanium/release"/>
				<Option object_output="./"/>
				<Option type="2"/>
				<Option compiler="gcc"/>
				<Compiler>
					<Add directory="/home/jee/hanium/include"/>
					<Add directory="/home/jee/hanium/lib/mosquitto/include"/>
					<Add directory="/home/jee/hanium/lib/mosquitto/lib/cpp"/>
					<Add directory="/home/jee/hanium/lib/serial/include"/>
					<Add directory="/home/jee/hanium/lib/rapidjson/include"/>
					<Add directory="/home/jee/hanium/lib/sqlite"/>
					<Add directory="/usr/include/c++/9"/>
					<Add directory="/usr/include/x86_64-linux-gnu/c++/9"/>
					<Add directory="/usr/include/c++/9/backward"/>
					<Add directory="/usr/lib/gcc/x86_64-linux-gnu/9/include"/>
					<Add directory="/usr/local/include"/>
					<Add directory="/usr/include/x86_64-linux-gnu"/>
					<Add directory="/usr/include"/>
				</Compiler>
				<MakeCommands>
					<Build command="/usr/bin/make -j6 -f &quot;/home/jee/hanium/release/Makefile&quot;  VERBOSE=1 mqtt"/>
					<CompileFile command="/usr/bin/make -j6 -f &quot;/home/jee/hanium/release/Makefile&quot;  VERBOSE=1 &quot;$file&quot;"/>
					<Clean command="/usr/bin/make -j6 -f &quot;/home/jee/hanium/release/Makefile&quot;  VERBOSE=1 clean"/>
					<DistClean command="/usr/bin/make -j6 -f &quot;/home/jee/hanium/release/Makefile&quot;  VERBOSE=1 clean"/>
				</MakeCommands>
			</Target>
			<Target title="mqtt/fast">
				<Option output="/home/jee/hanium/release/libmqtt.a" prefix_auto="0" extension_auto="0"/>
				<Option working_dir="/home/jee/hanium/release"/>
				<Option object_output="./"/>
				<Option type="2"/>
				<Option compiler="gcc"/>
				<Compiler>
					<Add directory="/home/jee/hanium/include"/>
					<Add directory="/home/jee/hanium/lib/mosquitto/include"/>
					<Add directory="/home/jee/hanium/lib/mosquitto/lib/cpp"/>
					<Add directory="/home/jee/hanium/lib/serial/include"/>
					<Add directory="/home/jee/hanium/lib/rapidjson/include"/>
					<Add directory="/home/jee/hanium/lib/sqlite"/>
					<Add directory="/usr/include/c++/9"/>
					<Add directory="/usr/include/x86_64-linux-gnu/c++/9"/>
					<Add directory="/usr/include/c++/9/backward"/>
					<Add directory="/usr/lib/gcc/x86_64-linux-gnu/9/include"/>
					<Add directory="/usr/local/include"/>
					<Add directory="/usr/include/x86_64-linux-gnu"/>
					<Add directory="/usr/include"/>
				</Compiler>
				<MakeCommands>
					<Build command="/usr/bin/make -j6 -f &quot;/home/jee/hanium/release/Makefile&quot;  VERBOSE=1 mqtt/fast"/>
					<CompileFile command="/usr/bin/make -j6 -f &quot;/home/jee/hanium/release/Makefile&quot;  VERBOSE=1 &quot;$file&quot;"/>
					<Clean command="/usr/bin/make -j6 -f &quot;/home/jee/hanium/release/Makefile&quot;  VERBOSE=1 clean"/>
					<DistClean command="/usr/bin/make -j6 -f &quot;/home/jee/hanium/release/Makefile&quot;  VERBOSE=1 clean"/>
				</MakeCommands>
			</Target>
			<Target title="gateway">
				<Option output="/home/jee/hanium/release/libgateway.a" prefix_auto="0" extension_auto="0"/>
				<Option working_dir="/home/jee/hanium/release"/>
				<Option object_output="./"/>
				<Option type="2"/>
				<Option compiler="gcc"/>
				<Compiler>
					<Add directory="/home/jee/hanium/include"/>
					<Add directory="/home/jee/hanium/lib/mosquitto/include"/>
					<Add directory="/home/jee/hanium/lib/mosquitto/lib/cpp"/>
					<Add directory="/home/jee/hanium/lib/serial/include"/>
					<Add directory="/home/jee/hanium/lib/rapidjson/include"/>
					<Add directory="/home/jee/hanium/lib/sqlite"/>
					<Add directory="/usr/include/c++/9"/>
					<Add directory="/usr/include/x86_64-linux-gnu/c++/9"/>
					<Add directory="/usr/include/c++/9/backward"/>
					<Add directory="/usr/lib/gcc/x86_64-linux-gnu/9/include"/>
					<Add directory="/usr/local/include"/>
					<Add directory="/usr/include/x86_64-linux-gnu"/>
					<Add directory="/usr/include"/>
				</Compiler>
				<MakeCommands>
					<Build command="/usr/bin/make -j6 -f &quot;/home/jee/hanium/release/Makefile&quot;  VERBOSE=1 gateway"/>
					<CompileFile command="/usr/bin/make -j6 -f &quot;/home/jee/hanium/release/Makefile&quot;  VERBOSE=1 &quot;$file&quot;"/>
					<Clean command="/usr/bin/make -j6 -f &quot;/home/jee/hanium/release/Makefile&quot;  VERBOSE=1 clean"/>
					<DistClean command="/usr/bin/make -j6 -f &quot;/home/jee/hanium/release/Makefile&quot;  VERBOSE=1 clean"/>
				</MakeCommands>
			</Target>
			<Target title="gateway/fast">
				<Option output="/home/jee/hanium/release/libgateway.a" prefix_auto="0" extension_auto="0"/>
				<Option working_dir="/home/jee/hanium/release"/>
				<Option object_output="./"/>
				<Option type="2"/>
				<Option compiler="gcc"/>
				<Compiler>
					<Add directory="/home/jee/hanium/include"/>
					<Add directory="/home/jee/hanium/lib/mosquitto/include"/>
					<Add directory="/home/jee/hanium/lib/mosquitto/lib/cpp"/>
					<Add directory="/home/jee/hanium/lib/serial/include"/>
					<Add directory="/home/jee/hanium/lib/rapidjson/include"/>
					<Add directory="/home/jee/hanium/lib/sqlite"/>
					<Add directory="/usr/include/c++/9"/>
					<Add directory="/usr/include/x86_64-linux-gnu/c++/9"/>
					<Add directory="/usr/include/c++/9/backward"/>
					<Add directory="/usr/lib/gcc/x86_64-linux-gnu/9/include"/>
					<Add directory="/usr/local/include"/>
					<Add directory="/usr/include/x86_64-linux-gnu"/>
					<Add directory="/usr/include"/>
				</Compiler>
				<MakeCommands>
					<Build command="/usr/bin/make -j6 -f &quot;/home/jee/hanium/release/Makefile&quot;  VERBOSE=1 gateway/fast"/>
					<CompileFile command="/usr/bin/make -j6 -f &quot;/home/jee/hanium/release/Makefile&quot;  VERBOSE=1 &quot;$file&quot;"/>
					<Clean command="/usr/bin/make -j6 -f &quot;/home/jee/hanium/release/Makefile&quot;  VERBOSE=1 clean"/>
					<DistClean command="/usr/bin/make -j6 -f &quot;/home/jee/hanium/release/Makefile&quot;  VERBOSE=1 clean"/>
				</MakeCommands>
			</Target>
			<Target title="logger">
				<Option output="/home/jee/hanium/release/liblogger.a" prefix_auto="0" extension_auto="0"/>
				<Option working_dir="/home/jee/hanium/release"/>
				<Option object_output="./"/>
				<Option type="2"/>
				<Option compiler="gcc"/>
				<Compiler>
					<Add directory="/home/jee/hanium/include"/>
					<Add directory="/home/jee/hanium/lib/mosquitto/include"/>
					<Add directory="/home/jee/hanium/lib/mosquitto/lib/cpp"/>
					<Add directory="/home/jee/hanium/lib/serial/include"/>
					<Add directory="/home/jee/hanium/lib/rapidjson/include"/>
					<Add directory="/home/jee/hanium/lib/sqlite"/>
					<Add directory="/usr/include/c++/9"/>
					<Add directory="/usr/include/x86_64-linux-gnu/c++/9"/>
					<Add directory="/usr/include/c++/9/backward"/>
					<Add directory="/usr/lib/gcc/x86_64-linux-gnu/9/include"/>
					<Add directory="/usr/local/include"/>
					<Add directory="/usr/include/x86_64-linux-gnu"/>
					<Add directory="/usr/include"/>
				</Compiler>
				<MakeCommands>
					<Build command="/usr/bin/make -j6 -f &quot;/home/jee/hanium/release/Makefile&quot;  VERBOSE=1 logger"/>
					<CompileFile command="/usr/bin/make -j6 -f &quot;/home/jee/hanium/release/Makefile&quot;  VERBOSE=1 &quot;$file&quot;"/>
					<Clean command="/usr/bin/make -j6 -f &quot;/home/jee/hanium/release/Makefile&quot;  VERBOSE=1 clean"/>
					<DistClean command="/usr/bin/make -j6 -f &quot;/home/jee/hanium/release/Makefile&quot;  VERBOSE=1 clean"/>
				</MakeCommands>
			</Target>
			<Target title="logger/fast">
				<Option output="/home/jee/hanium/release/liblogger.a" prefix_auto="0" extension_auto="0"/>
				<Option working_dir="/home/jee/hanium/release"/>
				<Option object_output="./"/>
				<Option type="2"/>
				<Option compiler="gcc"/>
				<Compiler>
					<Add directory="/home/jee/hanium/include"/>
					<Add directory="/home/jee/hanium/lib/mosquitto/include"/>
					<Add directory="/home/jee/hanium/lib/mosquitto/lib/cpp"/>
					<Add directory="/home/jee/hanium/lib/serial/include"/>
					<Add directory="/home/jee/hanium/lib/rapidjson/include"/>
					<Add directory="/home/jee/hanium/lib/sqlite"/>
					<Add directory="/usr/include/c++/9"/>
					<Add directory="/usr/include/x86_64-linux-gnu/c++/9"/>
					<Add directory="/usr/include/c++/9/backward"/>
					<Add directory="/usr/lib/gcc/x86_64-linux-gnu/9/include"/>
					<Add directory="/usr/local/include"/>
					<Add directory="/usr/include/x86_64-linux-gnu"/>
					<Add directory="/usr/include"/>
				</Compiler>
				<MakeCommands>
					<Build command="/usr/bin/make -j6 -f &quot;/home/jee/hanium/release/Makefile&quot;  VERBOSE=1 logger/fast"/>
					<CompileFile command="/usr/bin/make -j6 -f &quot;/home/jee/hanium/release/Makefile&quot;  VERBOSE=1 &quot;$file&quot;"/>
					<Clean command="/usr/bin/make -j6 -f &quot;/home/jee/hanium/release/Makefile&quot;  VERBOSE=1 clean"/>
					<DistClean command="/usr/bin/make -j6 -f &quot;/home/jee/hanium/release/Makefile&quot;  VERBOSE=1 clean"/>
				</MakeCommands>
			</Target>
			<Target title="packet">
				<Option output="/home/jee/hanium/release/libpacket.a" prefix_auto="0" extension_auto="0"/>
				<Option working_dir="/home/jee/hanium/release"/>
				<Option object_output="./"/>
				<Option type="2"/>
				<Option compiler="gcc"/>
				<Compiler>
					<Add directory="/home/jee/hanium/include"/>
					<Add directory="/home/jee/hanium/lib/mosquitto/include"/>
					<Add directory="/home/jee/hanium/lib/mosquitto/lib/cpp"/>
					<Add directory="/home/jee/hanium/lib/serial/include"/>
					<Add directory="/home/jee/hanium/lib/rapidjson/include"/>
					<Add directory="/home/jee/hanium/lib/sqlite"/>
					<Add directory="/usr/include/c++/9"/>
					<Add directory="/usr/include/x86_64-linux-gnu/c++/9"/>
					<Add directory="/usr/include/c++/9/backward"/>
					<Add directory="/usr/lib/gcc/x86_64-linux-gnu/9/include"/>
					<Add directory="/usr/local/include"/>
					<Add directory="/usr/include/x86_64-linux-gnu"/>
					<Add directory="/usr/include"/>
				</Compiler>
				<MakeCommands>
					<Build command="/usr/bin/make -j6 -f &quot;/home/jee/hanium/release/Makefile&quot;  VERBOSE=1 packet"/>
					<CompileFile command="/usr/bin/make -j6 -f &quot;/home/jee/hanium/release/Makefile&quot;  VERBOSE=1 &quot;$file&quot;"/>
					<Clean command="/usr/bin/make -j6 -f &quot;/home/jee/hanium/release/Makefile&quot;  VERBOSE=1 clean"/>
					<DistClean command="/usr/bin/make -j6 -f &quot;/home/jee/hanium/release/Makefile&quot;  VERBOSE=1 clean"/>
				</MakeCommands>
			</Target>
			<Target title="packet/fast">
				<Option output="/home/jee/hanium/release/libpacket.a" prefix_auto="0" extension_auto="0"/>
				<Option working_dir="/home/jee/hanium/release"/>
				<Option object_output="./"/>
				<Option type="2"/>
				<Option compiler="gcc"/>
				<Compiler>
					<Add directory="/home/jee/hanium/include"/>
					<Add directory="/home/jee/hanium/lib/mosquitto/include"/>
					<Add directory="/home/jee/hanium/lib/mosquitto/lib/cpp"/>
					<Add directory="/home/jee/hanium/lib/serial/include"/>
					<Add directory="/home/jee/hanium/lib/rapidjson/include"/>
					<Add directory="/home/jee/hanium/lib/sqlite"/>
					<Add directory="/usr/include/c++/9"/>
					<Add directory="/usr/include/x86_64-linux-gnu/c++/9"/>
					<Add directory="/usr/include/c++/9/backward"/>
					<Add directory="/usr/lib/gcc/x86_64-linux-gnu/9/include"/>
					<Add directory="/usr/local/include"/>
					<Add directory="/usr/include/x86_64-linux-gnu"/>
					<Add directory="/usr/include"/>
				</Compiler>
				<MakeCommands>
					<Build command="/usr/bin/make -j6 -f &quot;/home/jee/hanium/release/Makefile&quot;  VERBOSE=1 packet/fast"/>
					<CompileFile command="/usr/bin/make -j6 -f &quot;/home/jee/hanium/release/Makefile&quot;  VERBOSE=1 &quot;$file&quot;"/>
					<Clean command="/usr/bin/make -j6 -f &quot;/home/jee/hanium/release/Makefile&quot;  VERBOSE=1 clean"/>
					<DistClean command="/usr/bin/make -j6 -f &quot;/home/jee/hanium/release/Makefile&quot;  VERBOSE=1 clean"/>
				</MakeCommands>
			</Target>
			<Target title="hanium_iot_gateway">
				<Option output="/home/jee/hanium/release/hanium_iot_gateway" prefix_auto="0" extension_auto="0"/>
				<Option working_dir="/home/jee/hanium/release"/>
				<Option object_output="./"/>
				<Option type="1"/>
				<Option compiler="gcc"/>
				<Compiler>
					<Add directory="/home/jee/hanium/include"/>
					<Add directory="/home/jee/hanium/lib/mosquitto/include"/>
					<Add directory="/home/jee/hanium/lib/mosquitto/lib/cpp"/>
					<Add directory="/home/jee/hanium/lib/serial/include"/>
					<Add directory="/home/jee/hanium/lib/rapidjson/include"/>
					<Add directory="/home/jee/hanium/lib/sqlite"/>
					<Add directory="/usr/include/c++/9"/>
					<Add directory="/usr/include/x86_64-linux-gnu/c++/9"/>
					<Add directory="/usr/include/c++/9/backward"/>
					<Add directory="/usr/lib/gcc/x86_64-linux-gnu/9/include"/>
					<Add directory="/usr/local/include"/>
					<Add directory="/usr/include/x86_64-linux-gnu"/>
					<Add directory="/usr/include"/>
				</Compiler>
				<MakeCommands>
					<Build command="/usr/bin/make -j6 -f &quot;/home/jee/hanium/release/Makefile&quot;  VERBOSE=1 hanium_iot_gateway"/>
					<CompileFile command="/usr/bin/make -j6 -f &quot;/home/jee/hanium/release/Makefile&quot;  VERBOSE=1 &quot;$file&quot;"/>
					<Clean command="/usr/bin/make -j6 -f &quot;/home/jee/hanium/release/Makefile&quot;  VERBOSE=1 clean"/>
					<DistClean command="/usr/bin/make -j6 -f &quot;/home/jee/hanium/release/Makefile&quot;  VERBOSE=1 clean"/>
				</MakeCommands>
			</Target>
			<Target title="hanium_iot_gateway/fast">
				<Option output="/home/jee/hanium/release/hanium_iot_gateway" prefix_auto="0" extension_auto="0"/>
				<Option working_dir="/home/jee/hanium/release"/>
				<Option object_output="./"/>
				<Option type="1"/>
				<Option compiler="gcc"/>
				<Compiler>
					<Add directory="/home/jee/hanium/include"/>
					<Add directory="/home/jee/hanium/lib/mosquitto/include"/>
					<Add directory="/home/jee/hanium/lib/mosquitto/lib/cpp"/>
					<Add directory="/home/jee/hanium/lib/serial/include"/>
					<Add directory="/home/jee/hanium/lib/rapidjson/include"/>
					<Add directory="/home/jee/hanium/lib/sqlite"/>
					<Add directory="/usr/include/c++/9"/>
					<Add directory="/usr/include/x86_64-linux-gnu/c++/9"/>
					<Add directory="/usr/include/c++/9/backward"/>
					<Add directory="/usr/lib/gcc/x86_64-linux-gnu/9/include"/>
					<Add directory="/usr/local/include"/>
					<Add directory="/usr/include/x86_64-linux-gnu"/>
					<Add directory="/usr/include"/>
				</Compiler>
				<MakeCommands>
					<Build command="/usr/bin/make -j6 -f &quot;/home/jee/hanium/release/Makefile&quot;  VERBOSE=1 hanium_iot_gateway/fast"/>
					<CompileFile command="/usr/bin/make -j6 -f &quot;/home/jee/hanium/release/Makefile&quot;  VERBOSE=1 &quot;$file&quot;"/>
					<Clean command="/usr/bin/make -j6 -f &quot;/home/jee/hanium/release/Makefile&quot;  VERBOSE=1 clean"/>
					<DistClean command="/usr/bin/make -j6 -f &quot;/home/jee/hanium/release/Makefile&quot;  VERBOSE=1 clean"/>
				</MakeCommands>
			</Target>
			<Target title="sqlite3">
				<Option output="/home/jee/hanium/release/libsqlite3.a" prefix_auto="0" extension_auto="0"/>
				<Option working_dir="/home/jee/hanium/release"/>
				<Option object_output="./"/>
				<Option type="2"/>
				<Option compiler="gcc"/>
				<Compiler>
					<Add directory="/home/jee/hanium/include"/>
					<Add directory="/home/jee/hanium/lib/mosquitto/include"/>
					<Add directory="/home/jee/hanium/lib/mosquitto/lib/cpp"/>
					<Add directory="/home/jee/hanium/lib/serial/include"/>
					<Add directory="/home/jee/hanium/lib/rapidjson/include"/>
					<Add directory="/home/jee/hanium/lib/sqlite"/>
					<Add directory="/usr/include/c++/9"/>
					<Add directory="/usr/include/x86_64-linux-gnu/c++/9"/>
					<Add directory="/usr/include/c++/9/backward"/>
					<Add directory="/usr/lib/gcc/x86_64-linux-gnu/9/include"/>
					<Add directory="/usr/local/include"/>
					<Add directory="/usr/include/x86_64-linux-gnu"/>
					<Add directory="/usr/include"/>
				</Compiler>
				<MakeCommands>
					<Build command="/usr/bin/make -j6 -f &quot;/home/jee/hanium/release/Makefile&quot;  VERBOSE=1 sqlite3"/>
					<CompileFile command="/usr/bin/make -j6 -f &quot;/home/jee/hanium/release/Makefile&quot;  VERBOSE=1 &quot;$file&quot;"/>
					<Clean command="/usr/bin/make -j6 -f &quot;/home/jee/hanium/release/Makefile&quot;  VERBOSE=1 clean"/>
					<DistClean command="/usr/bin/make -j6 -f &quot;/home/jee/hanium/release/Makefile&quot;  VERBOSE=1 clean"/>
				</MakeCommands>
			</Target>
			<Target title="sqlite3/fast">
				<Option output="/home/jee/hanium/release/libsqlite3.a" prefix_auto="0" extension_auto="0"/>
				<Option working_dir="/home/jee/hanium/release"/>
				<Option object_output="./"/>
				<Option type="2"/>
				<Option compiler="gcc"/>
				<Compiler>
					<Add directory="/home/jee/hanium/include"/>
					<Add directory="/home/jee/hanium/lib/mosquitto/include"/>
					<Add directory="/home/jee/hanium/lib/mosquitto/lib/cpp"/>
					<Add directory="/home/jee/hanium/lib/serial/include"/>
					<Add directory="/home/jee/hanium/lib/rapidjson/include"/>
					<Add directory="/home/jee/hanium/lib/sqlite"/>
					<Add directory="/usr/include/c++/9"/>
					<Add directory="/usr/include/x86_64-linux-gnu/c++/9"/>
					<Add directory="/usr/include/c++/9/backward"/>
					<Add directory="/usr/lib/gcc/x86_64-linux-gnu/9/include"/>
					<Add directory="/usr/local/include"/>
					<Add directory="/usr/include/x86_64-linux-gnu"/>
					<Add directory="/usr/include"/>
				</Compiler>
				<MakeCommands>
					<Build command="/usr/bin/make -j6 -f &quot;/home/jee/hanium/release/Makefile&quot;  VERBOSE=1 sqlite3/fast"/>
					<CompileFile command="/usr/bin/make -j6 -f &quot;/home/jee/hanium/release/Makefile&quot;  VERBOSE=1 &quot;$file&quot;"/>
					<Clean command="/usr/bin/make -j6 -f &quot;/home/jee/hanium/release/Makefile&quot;  VERBOSE=1 clean"/>
					<DistClean command="/usr/bin/make -j6 -f &quot;/home/jee/hanium/release/Makefile&quot;  VERBOSE=1 clean"/>
				</MakeCommands>
			</Target>
			<Target title="edit_cache">
				<Option working_dir="/home/jee/hanium/release"/>
				<Option type="4"/>
				<MakeCommands>
					<Build command="/usr/bin/make -j6 -f &quot;/home/jee/hanium/release/Makefile&quot;  VERBOSE=1 edit_cache"/>
					<CompileFile command="/usr/bin/make -j6 -f &quot;/home/jee/hanium/release/Makefile&quot;  VERBOSE=1 &quot;$file&quot;"/>
					<Clean command="/usr/bin/make -j6 -f &quot;/home/jee/hanium/release/Makefile&quot;  VERBOSE=1 clean"/>
					<DistClean command="/usr/bin/make -j6 -f &quot;/home/jee/hanium/release/Makefile&quot;  VERBOSE=1 clean"/>
				</MakeCommands>
			</Target>
			<Target title="rebuild_cache">
				<Option working_dir="/home/jee/hanium/release"/>
				<Option type="4"/>
				<MakeCommands>
					<Build command="/usr/bin/make -j6 -f &quot;/home/jee/hanium/release/Makefile&quot;  VERBOSE=1 rebuild_cache"/>
					<CompileFile command="/usr/bin/make -j6 -f &quot;/home/jee/hanium/release/Makefile&quot;  VERBOSE=1 &quot;$file&quot;"/>
					<Clean command="/usr/bin/make -j6 -f &quot;/home/jee/hanium/release/Makefile&quot;  VERBOSE=1 clean"/>
					<DistClean command="/usr/bin/make -j6 -f &quot;/home/jee/hanium/release/Makefile&quot;  VERBOSE=1 clean"/>
				</MakeCommands>
			</Target>
			<Target title="install/strip">
				<Option working_dir="/home/jee/hanium/release"/>
				<Option type="4"/>
				<MakeCommands>
					<Build command="/usr/bin/make -j6 -f &quot;/home/jee/hanium/release/Makefile&quot;  VERBOSE=1 install/strip"/>
					<CompileFile command="/usr/bin/make -j6 -f &quot;/home/jee/hanium/release/Makefile&quot;  VERBOSE=1 &quot;$file&quot;"/>
					<Clean command="/usr/bin/make -j6 -f &quot;/home/jee/hanium/release/Makefile&quot;  VERBOSE=1 clean"/>
					<DistClean command="/usr/bin/make -j6 -f &quot;/home/jee/hanium/release/Makefile&quot;  VERBOSE=1 clean"/>
				</MakeCommands>
			</Target>
			<Target title="serial">
				<Option output="/home/jee/hanium/release/libserial.a" prefix_auto="0" extension_auto="0"/>
				<Option working_dir="/home/jee/hanium/release"/>
				<Option object_output="./"/>
				<Option type="2"/>
				<Option compiler="gcc"/>
				<Compiler>
					<Add directory="/home/jee/hanium/include"/>
					<Add directory="/home/jee/hanium/lib/mosquitto/include"/>
					<Add directory="/home/jee/hanium/lib/mosquitto/lib/cpp"/>
					<Add directory="/home/jee/hanium/lib/serial/include"/>
					<Add directory="/home/jee/hanium/lib/rapidjson/include"/>
					<Add directory="/home/jee/hanium/lib/sqlite"/>
					<Add directory="/usr/include/c++/9"/>
					<Add directory="/usr/include/x86_64-linux-gnu/c++/9"/>
					<Add directory="/usr/include/c++/9/backward"/>
					<Add directory="/usr/lib/gcc/x86_64-linux-gnu/9/include"/>
					<Add directory="/usr/local/include"/>
					<Add directory="/usr/include/x86_64-linux-gnu"/>
					<Add directory="/usr/include"/>
				</Compiler>
				<MakeCommands>
					<Build command="/usr/bin/make -j6 -f &quot;/home/jee/hanium/release/Makefile&quot;  VERBOSE=1 serial"/>
					<CompileFile command="/usr/bin/make -j6 -f &quot;/home/jee/hanium/release/Makefile&quot;  VERBOSE=1 &quot;$file&quot;"/>
					<Clean command="/usr/bin/make -j6 -f &quot;/home/jee/hanium/release/Makefile&quot;  VERBOSE=1 clean"/>
					<DistClean command="/usr/bin/make -j6 -f &quot;/home/jee/hanium/release/Makefile&quot;  VERBOSE=1 clean"/>
				</MakeCommands>
			</Target>
			<Target title="serial/fast">
				<Option output="/home/jee/hanium/release/libserial.a" prefix_auto="0" extension_auto="0"/>
				<Option working_dir="/home/jee/hanium/release"/>
				<Option object_output="./"/>
				<Option type="2"/>
				<Option compiler="gcc"/>
				<Compiler>
					<Add directory="/home/jee/hanium/include"/>
					<Add directory="/home/jee/hanium/lib/mosquitto/include"/>
					<Add directory="/home/jee/hanium/lib/mosquitto/lib/cpp"/>
					<Add directory="/home/jee/hanium/lib/serial/include"/>
					<Add directory="/home/jee/hanium/lib/rapidjson/include"/>
					<Add directory="/home/jee/hanium/lib/sqlite"/>
					<Add directory="/usr/include/c++/9"/>
					<Add directory="/usr/include/x86_64-linux-gnu/c++/9"/>
					<Add directory="/usr/include/c++/9/backward"/>
					<Add directory="/usr/lib/gcc/x86_64-linux-gnu/9/include"/>
					<Add directory="/usr/local/include"/>
					<Add directory="/usr/include/x86_64-linux-gnu"/>
					<Add directory="/usr/include"/>
				</Compiler>
				<MakeCommands>
					<Build command="/usr/bin/make -j6 -f &quot;/home/jee/hanium/release/Makefile&quot;  VERBOSE=1 serial/fast"/>
					<CompileFile command="/usr/bin/make -j6 -f &quot;/home/jee/hanium/release/Makefile&quot;  VERBOSE=1 &quot;$file&quot;"/>
					<Clean command="/usr/bin/make -j6 -f &quot;/home/jee/hanium/release/Makefile&quot;  VERBOSE=1 clean"/>
					<DistClean command="/usr/bin/make -j6 -f &quot;/home/jee/hanium/release/Makefile&quot;  VERBOSE=1 clean"/>
				</MakeCommands>
			</Target>
			<Target title="list_install_components">
				<Option working_dir="/home/jee/hanium/release"/>
				<Option type="4"/>
				<MakeCommands>
					<Build command="/usr/bin/make -j6 -f &quot;/home/jee/hanium/release/Makefile&quot;  VERBOSE=1 list_install_components"/>
					<CompileFile command="/usr/bin/make -j6 -f &quot;/home/jee/hanium/release/Makefile&quot;  VERBOSE=1 &quot;$file&quot;"/>
					<Clean command="/usr/bin/make -j6 -f &quot;/home/jee/hanium/release/Makefile&quot;  VERBOSE=1 clean"/>
					<DistClean command="/usr/bin/make -j6 -f &quot;/home/jee/hanium/release/Makefile&quot;  VERBOSE=1 clean"/>
				</MakeCommands>
			</Target>
		</Build>
		<Unit filename="/home/jee/hanium/lib/serial/src/impl/unix.cc">
			<Option target="serial"/>
		</Unit>
		<Unit filename="/home/jee/hanium/lib/serial/src/serial.cc">
			<Option target="serial"/>
		</Unit>
		<Unit filename="/home/jee/hanium/lib/sqlite/sqlite3.c">
			<Option target="sqlite3"/>
		</Unit>
		<Unit filename="/home/jee/hanium/lib/sqlite/sqlite3.h">
			<Option target="sqlite3"/>
		</Unit>
		<Unit filename="/home/jee/hanium/src/database/database.cpp">
			<Option target="logger"/>
		</Unit>
		<Unit filename="/home/jee/hanium/src/gateway/gateway_manager.cpp">
			<Option target="gateway"/>
		</Unit>
		<Unit filename="/home/jee/hanium/src/logger/logger.cpp">
			<Option target="logger"/>
		</Unit>
		<Unit filename="/home/jee/hanium/src/logger/packet_log.cpp">
			<Option target="logger"/>
		</Unit>
		<Unit filename="/home/jee/hanium/src/main.cpp">
			<Option target="hanium_iot_gateway"/>
		</Unit>
		<Unit filename="/home/jee/hanium/src/master/master_board.cpp">
			<Option target="gateway"/>
		</Unit>
		<Unit filename="/home/jee/hanium/src/mqtt/mqtt_manager.cpp">
			<Option target="mqtt"/>
		</Unit>
		<Unit filename="/home/jee/hanium/src/mqtt/mqtt_topic.cpp">
			<Option target="mqtt"/>
		</Unit>
		<Unit filename="/home/jee/hanium/src/packet/request_packet.cpp">
			<Option target="packet"/>
		</Unit>
		<Unit filename="/home/jee/hanium/src/packet/response_packet.cpp">
			<Option target="packet"/>
		</Unit>
		<Unit filename="/home/jee/hanium/CMakeLists.txt">
			<Option virtualFolder="CMake Files\"/>
		</Unit>
	</Project>
</CodeBlocks_project_file>
